{
    "_meta": {
        "hash": {
            "sha256": "2c5089b94c7a47291fa72afdc48ebfc1229a361c32736e948403652fafd738df"
        },
        "pipfile-spec": 6,
        "requires": {
            "python_version": "3.6"
        },
        "sources": [
            {
                "name": "pypi",
                "url": "https://pypi.org/simple",
                "verify_ssl": true
            }
        ]
    },
    "default": {
        "beaker": {
            "hashes": [
                "sha256:8cccbd9080c1b48f6dceaa489b323eedfdc7bf0155f28c9d12e39e3be21dfb47",
                "sha256:ad5d1c05027ee3be3a482ea39f8cb70339b41e5d6ace0cb861382754076d187e"
            ],
            "index": "pypi",
            "version": "==1.11.0"
        },
        "bottle": {
            "hashes": [
                "sha256:1896a33b2c7c5be07491e6789e341f2e9593a0ff024cc0374615118587c81647",
                "sha256:e9eaa412a60cc3d42ceb42f58d15864d9ed1b92e9d630b8130c871c5bb16107c"
            ],
            "index": "pypi",
            "version": "==0.12.17"
        }
    },
    "develop": {}
}
